
Microsoft Visual Studio Solution File, Format Version 12.00
# Visual Studio 2012
Project("{FAE04EC0-301F-11D3-BF4B-00C04F79EFBC}") = "PDPLib", "PDPLib\PDPLib.csproj", "{53B18B2B-A648-4341-B0A0-0BC7A4005929}"
EndProject
Project("{FAE04EC0-301F-11D3-BF4B-00C04F79EFBC}") = "PDPLibTest", "PDPLibTest\PDPLibTest.csproj", "{EEDA1717-BC6A-4901-A770-7B960FAAB04B}"
EndProject
Project("{FAE04EC0-301F-11D3-BF4B-00C04F79EFBC}") = "PEPLib", "PEPLib\PEPLib.csproj", "{B930E1C2-618D-4F8D-9771-4319F811E2D3}"
EndProject
Project("{FAE04EC0-301F-11D3-BF4B-00C04F79EFBC}") = "PEPWebApp", "PEPWebApp\PEPWebApp.csproj", "{A8C9684F-2877-4FB9-AB54-AF1DB5A57F49}"
EndProject
Global
	GlobalSection(SolutionConfigurationPlatforms) = preSolution
		Debug|Any CPU = Debug|Any CPU
		Release|Any CPU = Release|Any CPU
	EndGlobalSection
	GlobalSection(ProjectConfigurationPlatforms) = postSolution
		{53B18B2B-A648-4341-B0A0-0BC7A4005929}.Debug|Any CPU.ActiveCfg = Debug|Any CPU
		{53B18B2B-A648-4341-B0A0-0BC7A4005929}.Debug|Any CPU.Build.0 = Debug|Any CPU
		{53B18B2B-A648-4341-B0A0-0BC7A4005929}.Release|Any CPU.ActiveCfg = Release|Any CPU
		{53B18B2B-A648-4341-B0A0-0BC7A4005929}.Release|Any CPU.Build.0 = Release|Any CPU
		{EEDA1717-BC6A-4901-A770-7B960FAAB04B}.Debug|Any CPU.ActiveCfg = Debug|Any CPU
		{EEDA1717-BC6A-4901-A770-7B960FAAB04B}.Debug|Any CPU.Build.0 = Debug|Any CPU
		{EEDA1717-BC6A-4901-A770-7B960FAAB04B}.Release|Any CPU.ActiveCfg = Release|Any CPU
		{EEDA1717-BC6A-4901-A770-7B960FAAB04B}.Release|Any CPU.Build.0 = Release|Any CPU
		{B930E1C2-618D-4F8D-9771-4319F811E2D3}.Debug|Any CPU.ActiveCfg = Debug|Any CPU
		{B930E1C2-618D-4F8D-9771-4319F811E2D3}.Debug|Any CPU.Build.0 = Debug|Any CPU
		{B930E1C2-618D-4F8D-9771-4319F811E2D3}.Release|Any CPU.ActiveCfg = Release|Any CPU
		{B930E1C2-618D-4F8D-9771-4319F811E2D3}.Release|Any CPU.Build.0 = Release|Any CPU
		{A8C9684F-2877-4FB9-AB54-AF1DB5A57F49}.Debug|Any CPU.ActiveCfg = Debug|Any CPU
		{A8C9684F-2877-4FB9-AB54-AF1DB5A57F49}.Debug|Any CPU.Build.0 = Debug|Any CPU
		{A8C9684F-2877-4FB9-AB54-AF1DB5A57F49}.Release|Any CPU.ActiveCfg = Release|Any CPU
		{A8C9684F-2877-4FB9-AB54-AF1DB5A57F49}.Release|Any CPU.Build.0 = Release|Any CPU
	EndGlobalSection
	GlobalSection(SolutionProperties) = preSolution
		HideSolutionNode = FALSE
	EndGlobalSection
EndGlobal
